
Microsoft Visual Studio Solution File, Format Version 12.00
# Visual Studio Version 16
VisualStudioVersion = 16.0.29306.81
MinimumVisualStudioVersion = 10.0.40219.1
Project("{FAE04EC0-301F-11D3-BF4B-00C04F79EFBC}") = "ApiDemo", "ApiDemo\ApiDemo.csproj", "{3F3FE5AF-0964-41AE-92F3-B84E878276CC}"
EndProject
Global
	GlobalSection(SolutionConfigurationPlatforms) = preSolution
		Debug|Any CPU = Debug|Any CPU
		Release|Any CPU = Release|Any CPU
	EndGlobalSection
	GlobalSection(ProjectConfigurationPlatforms) = postSolution
		{3F3FE5AF-0964-41AE-92F3-B84E878276CC}.Debug|Any CPU.ActiveCfg = Debug|Any CPU
		{3F3FE5AF-0964-41AE-92F3-B84E878276CC}.Debug|Any CPU.Build.0 = Debug|Any CPU
		{3F3FE5AF-0964-41AE-92F3-B84E878276CC}.Release|Any CPU.ActiveCfg = Release|Any CPU
		{3F3FE5AF-0964-41AE-92F3-B84E878276CC}.Release|Any CPU.Build.0 = Release|Any CPU
	EndGlobalSection
	GlobalSection(SolutionProperties) = preSolution
		HideSolutionNode = FALSE
	EndGlobalSection
	GlobalSection(ExtensibilityGlobals) = postSolution
		SolutionGuid = {6C16645E-56B5-4B3E-9E1B-081E8AED85FD}
	EndGlobalSection
EndGlobal
